# This is a Gradle generated file for dependency locking.
# Manual edits can break the build and are not advised.
# This file is expected to be part of source control.
ch.qos.logback:logback-classic:1.2.9=ktlint
ch.qos.logback:logback-core:1.2.9=ktlint
com.android.tools.analytics-library:protos:27.2.2=lintClassPath
com.android.tools.analytics-library:shared:27.2.2=lintClassPath
com.android.tools.analytics-library:tracker:27.2.2=lintClassPath
com.android.tools.build:aapt2-proto:4.1.0-alpha01-6193524=lintClassPath
com.android.tools.build:apksig:4.2.2=lintClassPath
com.android.tools.build:apkzlib:4.2.2=lintClassPath
com.android.tools.build:builder-model:4.2.2=lintClassPath
com.android.tools.build:builder-test-api:4.2.2=lintClassPath
com.android.tools.build:builder:4.2.2=lintClassPath
com.android.tools.build:gradle-api:4.2.2=lintClassPath
com.android.tools.build:manifest-merger:27.2.2=lintClassPath
com.android.tools.ddms:ddmlib:27.2.2=lintClassPath
com.android.tools.external.com-intellij:intellij-core:27.2.2=lintClassPath
com.android.tools.external.com-intellij:kotlin-compiler:27.2.2=lintClassPath
com.android.tools.external.org-jetbrains:uast:27.2.2=lintClassPath
com.android.tools.layoutlib:layoutlib-api:27.2.2=lintClassPath
com.android.tools.lint:lint-api:27.2.2=lintClassPath
com.android.tools.lint:lint-checks:27.2.2=lintClassPath
com.android.tools.lint:lint-gradle-api:27.2.2=lintClassPath
com.android.tools.lint:lint-gradle:27.2.2=lintClassPath
com.android.tools.lint:lint-model:27.2.2=lintClassPath
com.android.tools.lint:lint:27.2.2=lintClassPath
com.android.tools:annotations:27.2.2=lintClassPath
com.android.tools:common:27.2.2=lintClassPath
com.android.tools:dvlib:27.2.2=lintClassPath
com.android.tools:repository:27.2.2=lintClassPath
com.android.tools:sdk-common:27.2.2=lintClassPath
com.android.tools:sdklib:27.2.2=lintClassPath
com.android:signflinger:4.2.2=lintClassPath
com.android:zipflinger:4.2.2=lintClassPath
com.github.ben-manes.caffeine:caffeine:2.8.8=testCompileClasspath,testImplementationDependenciesMetadata,testRuntimeClasspath
com.github.kevinstern:software-and-algorithms:1.0=testCompileClasspath,testImplementationDependenciesMetadata,testRuntimeClasspath
com.github.shyiko.klob:klob:0.2.1=ktlint
com.google.auto.value:auto-value-annotations:1.8.1=testCompileClasspath,testImplementationDependenciesMetadata,testRuntimeClasspath
com.google.code.findbugs:jsr305:3.0.2=lintClassPath,testCompileClasspath,testImplementationDependenciesMetadata,testRuntimeClasspath
com.google.code.gson:gson:2.8.6=lintClassPath
com.google.errorprone:error_prone_annotation:2.10.0=testCompileClasspath,testImplementationDependenciesMetadata,testRuntimeClasspath
com.google.errorprone:error_prone_annotations:2.10.0=testCompileClasspath,testImplementationDependenciesMetadata,testRuntimeClasspath
com.google.errorprone:error_prone_annotations:2.3.2=lintClassPath
com.google.errorprone:error_prone_check_api:2.10.0=testCompileClasspath,testImplementationDependenciesMetadata,testRuntimeClasspath
com.google.errorprone:javac:9+181-r4173-1=testCompileClasspath,testImplementationDependenciesMetadata,testRuntimeClasspath
com.google.guava:failureaccess:1.0.1=lintClassPath,testCompileClasspath,testImplementationDependenciesMetadata,testRuntimeClasspath
com.google.guava:guava:28.1-jre=lintClassPath
com.google.guava:guava:30.1.1-android=testCompileClasspath,testImplementationDependenciesMetadata,testRuntimeClasspath
com.google.guava:listenablefuture:9999.0-empty-to-avoid-conflict-with-guava=lintClassPath,testCompileClasspath,testImplementationDependenciesMetadata,testRuntimeClasspath
com.google.j2objc:j2objc-annotations:1.3=lintClassPath,testCompileClasspath,testImplementationDependenciesMetadata,testRuntimeClasspath
com.google.jimfs:jimfs:1.1=lintClassPath
com.google.protobuf:protobuf-java:3.10.0=lintClassPath
com.google.truth:truth:1.1.3=testCompileClasspath,testImplementationDependenciesMetadata,testRuntimeClasspath
com.googlecode.json-simple:json-simple:1.1=lintClassPath
com.pinterest.ktlint:ktlint-core:0.45.2=ktlint,ktlintBaselineReporter
com.pinterest.ktlint:ktlint-reporter-baseline:0.45.2=ktlint,ktlintBaselineReporter
com.pinterest.ktlint:ktlint-reporter-checkstyle:0.45.2=ktlint
com.pinterest.ktlint:ktlint-reporter-html:0.45.2=ktlint
com.pinterest.ktlint:ktlint-reporter-json:0.45.2=ktlint
com.pinterest.ktlint:ktlint-reporter-plain:0.45.2=ktlint
com.pinterest.ktlint:ktlint-reporter-sarif:0.45.2=ktlint
com.pinterest.ktlint:ktlint-ruleset-experimental:0.45.2=ktlint
com.pinterest.ktlint:ktlint-ruleset-standard:0.45.2=ktlint
com.pinterest.ktlint:ktlint-ruleset-test:0.45.2=ktlint
com.pinterest:ktlint:0.45.2=ktlint
com.squareup:javawriter:2.5.0=lintClassPath
com.sun.activation:javax.activation:1.2.0=lintClassPath
com.sun.istack:istack-commons-runtime:3.0.8=lintClassPath
com.sun.xml.fastinfoset:FastInfoset:1.2.16=lintClassPath
commons-codec:commons-codec:1.10=lintClassPath
commons-logging:commons-logging:1.2=lintClassPath
info.picocli:picocli:3.9.6=ktlint
io.github.detekt.sarif4k:sarif4k:0.0.1=ktlint
io.github.java-diff-utils:java-diff-utils:4.0=testCompileClasspath,testImplementationDependenciesMetadata,testRuntimeClasspath
io.github.microutils:kotlin-logging-jvm:2.1.21=ktlint,ktlintBaselineReporter
it.unimi.dsi:fastutil:8.4.0=lintClassPath
jakarta.activation:jakarta.activation-api:1.2.1=lintClassPath
jakarta.xml.bind:jakarta.xml.bind-api:2.3.2=lintClassPath
javax.inject:javax.inject:1=lintClassPath
junit:junit:4.13.2=testRuntimeClasspath,testRuntimeOnlyDependenciesMetadata
net.java.dev.jna:jna-platform:5.6.0=lintClassPath
net.java.dev.jna:jna:5.6.0=kotlinCompilerClasspath,kotlinKlibCommonizerClasspath,ktlint,ktlintBaselineReporter,lintClassPath
net.sf.jopt-simple:jopt-simple:4.9=lintClassPath
net.sf.kxml:kxml2:2.3.0=lintClassPath
org.apache.commons:commons-compress:1.12=lintClassPath
org.apache.httpcomponents:httpclient:4.5.6=lintClassPath
org.apache.httpcomponents:httpcore:4.4.10=lintClassPath
org.apache.httpcomponents:httpmime:4.5.6=lintClassPath
org.apiguardian:apiguardian-api:1.1.2=testCompileClasspath,testImplementationDependenciesMetadata,testRuntimeOnlyDependenciesMetadata
org.bouncycastle:bcpkix-jdk15on:1.56=lintClassPath
org.bouncycastle:bcprov-jdk15on:1.56=lintClassPath
org.checkerframework:checker-compat-qual:2.5.5=testCompileClasspath,testImplementationDependenciesMetadata,testRuntimeClasspath
org.checkerframework:checker-qual:2.8.1=lintClassPath
org.checkerframework:checker-qual:3.13.0=testCompileClasspath,testImplementationDependenciesMetadata,testRuntimeClasspath
org.checkerframework:dataflow-errorprone:3.15.0=testCompileClasspath,testImplementationDependenciesMetadata,testRuntimeClasspath
org.codehaus.groovy:groovy-all:2.4.15=lintClassPath
org.codehaus.mojo:animal-sniffer-annotations:1.18=lintClassPath
org.ec4j.core:ec4j-core:0.3.0=ktlint,ktlintBaselineReporter
org.eclipse.jgit:org.eclipse.jgit:4.4.1.201607150455-r=testCompileClasspath,testImplementationDependenciesMetadata,testRuntimeClasspath
org.glassfish.jaxb:jaxb-runtime:2.3.2=lintClassPath
org.glassfish.jaxb:txw2:2.3.2=lintClassPath
org.hamcrest:hamcrest-core:1.3=testRuntimeClasspath,testRuntimeOnlyDependenciesMetadata
org.jetbrains.intellij.deps:trove4j:1.0.20181211=lintClassPath
org.jetbrains.intellij.deps:trove4j:1.0.20200330=kotlinCompilerClasspath,kotlinKlibCommonizerClasspath,ktlint,ktlintBaselineReporter
org.jetbrains.kotlin:kotlin-compiler-embeddable:1.6.20=ktlint,ktlintBaselineReporter
org.jetbrains.kotlin:kotlin-compiler-embeddable:1.6.21=kotlinCompilerClasspath,kotlinKlibCommonizerClasspath
org.jetbrains.kotlin:kotlin-daemon-embeddable:1.6.20=ktlint,ktlintBaselineReporter
org.jetbrains.kotlin:kotlin-daemon-embeddable:1.6.21=kotlinCompilerClasspath,kotlinKlibCommonizerClasspath
org.jetbrains.kotlin:kotlin-gradle-plugin-api:1.6.21=kotlinCompilerPluginClasspathMain,kotlinCompilerPluginClasspathTest
org.jetbrains.kotlin:kotlin-gradle-plugin-model:1.6.21=kotlinCompilerPluginClasspathMain,kotlinCompilerPluginClasspathTest
org.jetbrains.kotlin:kotlin-klib-commonizer-embeddable:1.6.21=kotlinKlibCommonizerClasspath
org.jetbrains.kotlin:kotlin-native-utils:1.6.21=kotlinCompilerPluginClasspathMain,kotlinCompilerPluginClasspathTest
org.jetbrains.kotlin:kotlin-project-model:1.6.21=kotlinCompilerPluginClasspathMain,kotlinCompilerPluginClasspathTest
org.jetbrains.kotlin:kotlin-reflect:1.4.31=lintClassPath
org.jetbrains.kotlin:kotlin-reflect:1.6.20=ktlint,ktlintBaselineReporter
org.jetbrains.kotlin:kotlin-reflect:1.6.21=compileClasspath,compileOnlyDependenciesMetadata,embeddedKotlin,kotlinCompilerClasspath,kotlinKlibCommonizerClasspath,testCompileClasspath,testImplementationDependenciesMetadata,testRuntimeClasspath
org.jetbrains.kotlin:kotlin-sam-with-receiver:1.6.21=kotlinCompilerPluginClasspathMain,kotlinCompilerPluginClasspathTest
org.jetbrains.kotlin:kotlin-script-runtime:1.6.20=ktlint,ktlintBaselineReporter
org.jetbrains.kotlin:kotlin-script-runtime:1.6.21=kotlinCompilerClasspath,kotlinCompilerPluginClasspathMain,kotlinCompilerPluginClasspathTest,kotlinKlibCommonizerClasspath
org.jetbrains.kotlin:kotlin-scripting-common:1.6.21=kotlinCompilerPluginClasspathMain,kotlinCompilerPluginClasspathTest
org.jetbrains.kotlin:kotlin-scripting-compiler-embeddable:1.6.21=kotlinCompilerPluginClasspathMain,kotlinCompilerPluginClasspathTest
org.jetbrains.kotlin:kotlin-scripting-compiler-impl-embeddable:1.6.21=kotlinCompilerPluginClasspathMain,kotlinCompilerPluginClasspathTest
org.jetbrains.kotlin:kotlin-scripting-jvm:1.6.21=kotlinCompilerPluginClasspathMain,kotlinCompilerPluginClasspathTest
org.jetbrains.kotlin:kotlin-stdlib-common:1.4.31=lintClassPath
org.jetbrains.kotlin:kotlin-stdlib-common:1.6.20=ktlint,ktlintBaselineReporter
org.jetbrains.kotlin:kotlin-stdlib-common:1.6.21=compileClasspath,compileOnlyDependenciesMetadata,embeddedKotlin,kotlinCompilerClasspath,kotlinCompilerPluginClasspathMain,kotlinCompilerPluginClasspathTest,kotlinKlibCommonizerClasspath,testCompileClasspath,testImplementationDependenciesMetadata,testRuntimeClasspath
org.jetbrains.kotlin:kotlin-stdlib-jdk7:1.4.31=lintClassPath
org.jetbrains.kotlin:kotlin-stdlib-jdk7:1.6.20=ktlint,ktlintBaselineReporter
org.jetbrains.kotlin:kotlin-stdlib-jdk7:1.6.21=compileClasspath,compileOnlyDependenciesMetadata,embeddedKotlin,testCompileClasspath,testImplementationDependenciesMetadata,testRuntimeClasspath
org.jetbrains.kotlin:kotlin-stdlib-jdk8:1.4.31=lintClassPath
org.jetbrains.kotlin:kotlin-stdlib-jdk8:1.6.20=ktlint,ktlintBaselineReporter
org.jetbrains.kotlin:kotlin-stdlib-jdk8:1.6.21=compileClasspath,compileOnlyDependenciesMetadata,embeddedKotlin,testCompileClasspath,testImplementationDependenciesMetadata,testRuntimeClasspath
org.jetbrains.kotlin:kotlin-stdlib:1.4.31=lintClassPath
org.jetbrains.kotlin:kotlin-stdlib:1.6.20=ktlint,ktlintBaselineReporter
org.jetbrains.kotlin:kotlin-stdlib:1.6.21=compileClasspath,compileOnlyDependenciesMetadata,embeddedKotlin,kotlinCompilerClasspath,kotlinCompilerPluginClasspathMain,kotlinCompilerPluginClasspathTest,kotlinKlibCommonizerClasspath,testCompileClasspath,testImplementationDependenciesMetadata,testRuntimeClasspath
org.jetbrains.kotlin:kotlin-util-io:1.6.21=kotlinCompilerPluginClasspathMain,kotlinCompilerPluginClasspathTest
org.jetbrains.kotlinx:kotlinx-serialization-core-jvm:1.1.0=ktlint
org.jetbrains.kotlinx:kotlinx-serialization-core:1.1.0=ktlint
org.jetbrains.kotlinx:kotlinx-serialization-json-jvm:1.1.0=ktlint
org.jetbrains.kotlinx:kotlinx-serialization-json:1.1.0=ktlint
org.jetbrains:annotations:13.0=compileClasspath,compileOnlyDependenciesMetadata,embeddedKotlin,kotlinCompilerClasspath,kotlinCompilerPluginClasspathMain,kotlinCompilerPluginClasspathTest,kotlinKlibCommonizerClasspath,ktlint,ktlintBaselineReporter,lintClassPath,testCompileClasspath,testImplementationDependenciesMetadata,testRuntimeClasspath
org.junit.jupiter:junit-jupiter-api:5.9.1=testCompileClasspath,testImplementationDependenciesMetadata,testRuntimeClasspath,testRuntimeOnlyDependenciesMetadata
org.junit.jupiter:junit-jupiter-engine:5.9.1=testRuntimeClasspath,testRuntimeOnlyDependenciesMetadata
org.junit.platform:junit-platform-commons:1.9.1=testCompileClasspath,testImplementationDependenciesMetadata,testRuntimeClasspath,testRuntimeOnlyDependenciesMetadata
org.junit.platform:junit-platform-engine:1.9.1=testRuntimeClasspath,testRuntimeOnlyDependenciesMetadata
org.junit:junit-bom:5.9.1=testCompileClasspath,testImplementationDependenciesMetadata,testRuntimeClasspath,testRuntimeOnlyDependenciesMetadata
org.jvnet.staxex:stax-ex:1.8.1=lintClassPath
org.opentest4j:opentest4j:1.2.0=testCompileClasspath,testImplementationDependenciesMetadata,testRuntimeClasspath,testRuntimeOnlyDependenciesMetadata
org.ow2.asm:asm-analysis:7.0=lintClassPath
org.ow2.asm:asm-commons:7.0=lintClassPath
org.ow2.asm:asm-tree:7.0=lintClassPath
org.ow2.asm:asm-util:7.0=lintClassPath
org.ow2.asm:asm:7.0=lintClassPath
org.ow2.asm:asm:9.1=testCompileClasspath,testImplementationDependenciesMetadata,testRuntimeClasspath
org.slf4j:slf4j-api:1.7.32=ktlint,ktlintBaselineReporter
xerces:xercesImpl:2.12.0=lintClassPath
xml-apis:xml-apis:1.4.01=lintClassPath
empty=annotationProcessor,apiDependenciesMetadata,implementationDependenciesMetadata,intransitiveDependenciesMetadata,kotlinCompilerPluginClasspath,kotlinNativeCompilerPluginClasspath,kotlinScriptDef,kotlinScriptDefExtensions,ktlintReporter,ktlintRuleset,lintChecks,runtimeClasspath,runtimeOnlyDependenciesMetadata,testAnnotationProcessor,testApiDependenciesMetadata,testCompileOnlyDependenciesMetadata,testIntransitiveDependenciesMetadata,testKotlinScriptDef,testKotlinScriptDefExtensions
