# This is a Gradle generated file for dependency locking.
# Manual edits can break the build and are not advised.
# This file is expected to be part of source control.
androidx.databinding:databinding-common:4.1.3=additionalPluginClasspath,compileClasspath,compileOnly,compileOnlyDependenciesMetadata
androidx.databinding:databinding-compiler-common:4.1.3=additionalPluginClasspath,compileClasspath,compileOnly,compileOnlyDependenciesMetadata
com.android.databinding:baseLibrary:4.1.3=additionalPluginClasspath,compileClasspath,compileOnly,compileOnlyDependenciesMetadata
com.android.tools.analytics-library:crash:27.1.3=additionalPluginClasspath,compileClasspath,compileOnly,compileOnlyDependenciesMetadata
com.android.tools.analytics-library:protos:27.1.3=additionalPluginClasspath,compileClasspath,compileOnly,compileOnlyDependenciesMetadata,lintClassPath
com.android.tools.analytics-library:shared:27.1.3=additionalPluginClasspath,compileClasspath,compileOnly,compileOnlyDependenciesMetadata,lintClassPath
com.android.tools.analytics-library:tracker:27.1.3=additionalPluginClasspath,compileClasspath,compileOnly,compileOnlyDependenciesMetadata,lintClassPath
com.android.tools.build.jetifier:jetifier-core:1.0.0-beta09=additionalPluginClasspath,compileClasspath,compileOnly,compileOnlyDependenciesMetadata
com.android.tools.build.jetifier:jetifier-processor:1.0.0-beta09=additionalPluginClasspath,compileClasspath,compileOnly,compileOnlyDependenciesMetadata
com.android.tools.build:aapt2-proto:4.1.0-alpha01-6193524=lintClassPath
com.android.tools.build:aapt2-proto:4.1.3-6503028=additionalPluginClasspath,compileClasspath,compileOnly,compileOnlyDependenciesMetadata
com.android.tools.build:aaptcompiler:4.1.3=additionalPluginClasspath,compileClasspath,compileOnly,compileOnlyDependenciesMetadata
com.android.tools.build:apksig:4.1.3=additionalPluginClasspath,compileClasspath,compileOnly,compileOnlyDependenciesMetadata,lintClassPath
com.android.tools.build:apkzlib:4.1.3=additionalPluginClasspath,compileClasspath,compileOnly,compileOnlyDependenciesMetadata,lintClassPath
com.android.tools.build:builder-model:4.1.3=additionalPluginClasspath,compileClasspath,compileOnly,compileOnlyDependenciesMetadata,lintClassPath
com.android.tools.build:builder-test-api:4.1.3=additionalPluginClasspath,compileClasspath,compileOnly,compileOnlyDependenciesMetadata,lintClassPath
com.android.tools.build:builder:4.1.3=additionalPluginClasspath,compileClasspath,compileOnly,compileOnlyDependenciesMetadata,lintClassPath
com.android.tools.build:bundletool:0.14.0=additionalPluginClasspath,compileClasspath,compileOnly,compileOnlyDependenciesMetadata
com.android.tools.build:gradle-api:4.1.3=additionalPluginClasspath,compileClasspath,compileOnly,compileOnlyDependenciesMetadata,lintClassPath
com.android.tools.build:gradle:4.1.3=additionalPluginClasspath,compileClasspath,compileOnly,compileOnlyDependenciesMetadata
com.android.tools.build:manifest-merger:27.1.3=additionalPluginClasspath,compileClasspath,compileOnly,compileOnlyDependenciesMetadata,lintClassPath
com.android.tools.build:transform-api:2.0.0-deprecated-use-gradle-api=additionalPluginClasspath,compileClasspath,compileOnly,compileOnlyDependenciesMetadata
com.android.tools.ddms:ddmlib:27.1.3=additionalPluginClasspath,compileClasspath,compileOnly,compileOnlyDependenciesMetadata,lintClassPath
com.android.tools.external.com-intellij:intellij-core:27.1.3=lintClassPath
com.android.tools.external.com-intellij:kotlin-compiler:27.1.3=lintClassPath
com.android.tools.external.org-jetbrains:uast:27.1.3=lintClassPath
com.android.tools.layoutlib:layoutlib-api:27.1.3=additionalPluginClasspath,compileClasspath,compileOnly,compileOnlyDependenciesMetadata,lintClassPath
com.android.tools.lint:lint-api:27.1.3=lintClassPath
com.android.tools.lint:lint-checks:27.1.3=lintClassPath
com.android.tools.lint:lint-gradle-api:27.1.3=additionalPluginClasspath,compileClasspath,compileOnly,compileOnlyDependenciesMetadata,lintClassPath
com.android.tools.lint:lint-gradle:27.1.3=lintClassPath
com.android.tools.lint:lint-model:27.1.3=additionalPluginClasspath,compileClasspath,compileOnly,compileOnlyDependenciesMetadata,lintClassPath
com.android.tools.lint:lint:27.1.3=lintClassPath
com.android.tools:annotations:27.1.3=additionalPluginClasspath,compileClasspath,compileOnly,compileOnlyDependenciesMetadata,lintClassPath
com.android.tools:common:27.1.3=additionalPluginClasspath,compileClasspath,compileOnly,compileOnlyDependenciesMetadata,lintClassPath
com.android.tools:dvlib:27.1.3=additionalPluginClasspath,compileClasspath,compileOnly,compileOnlyDependenciesMetadata,lintClassPath
com.android.tools:repository:27.1.3=additionalPluginClasspath,compileClasspath,compileOnly,compileOnlyDependenciesMetadata,lintClassPath
com.android.tools:sdk-common:27.1.3=additionalPluginClasspath,compileClasspath,compileOnly,compileOnlyDependenciesMetadata,lintClassPath
com.android.tools:sdklib:27.1.3=additionalPluginClasspath,compileClasspath,compileOnly,compileOnlyDependenciesMetadata,lintClassPath
com.android:signflinger:4.1.3=additionalPluginClasspath,compileClasspath,compileOnly,compileOnlyDependenciesMetadata,lintClassPath
com.android:zipflinger:4.1.3=additionalPluginClasspath,compileClasspath,compileOnly,compileOnlyDependenciesMetadata,lintClassPath
com.github.ben-manes.caffeine:caffeine:2.8.8=testCompileClasspath,testImplementationDependenciesMetadata,testRuntimeClasspath
com.github.kevinstern:software-and-algorithms:1.0=testCompileClasspath,testImplementationDependenciesMetadata,testRuntimeClasspath
com.github.shyiko.klob:klob:0.2.1=ktlint
com.google.auto.value:auto-value-annotations:1.6.2=additionalPluginClasspath,compileOnly
com.google.auto.value:auto-value-annotations:1.7.4=testCompileClasspath,testImplementationDependenciesMetadata,testRuntimeClasspath
com.google.code.findbugs:jsr305:3.0.2=additionalPluginClasspath,compileClasspath,compileOnly,compileOnlyDependenciesMetadata,lintClassPath,testCompileClasspath,testImplementationDependenciesMetadata,testRuntimeClasspath
com.google.code.gson:gson:2.8.5=additionalPluginClasspath,compileClasspath,compileOnly,compileOnlyDependenciesMetadata,lintClassPath
com.google.crypto.tink:tink:1.3.0-rc2=additionalPluginClasspath,compileClasspath,compileOnly,compileOnlyDependenciesMetadata
com.google.errorprone:error_prone_annotation:2.5.1=testCompileClasspath,testImplementationDependenciesMetadata,testRuntimeClasspath
com.google.errorprone:error_prone_annotations:2.3.2=additionalPluginClasspath,compileClasspath,compileOnly,compileOnlyDependenciesMetadata,lintClassPath
com.google.errorprone:error_prone_annotations:2.5.1=testCompileClasspath,testImplementationDependenciesMetadata,testRuntimeClasspath
com.google.errorprone:error_prone_check_api:2.5.1=testCompileClasspath,testImplementationDependenciesMetadata,testRuntimeClasspath
com.google.errorprone:javac:9+181-r4173-1=testCompileClasspath,testImplementationDependenciesMetadata,testRuntimeClasspath
com.google.flatbuffers:flatbuffers-java:1.12.0=additionalPluginClasspath,compileOnly
com.google.guava:failureaccess:1.0.1=additionalPluginClasspath,compileClasspath,compileOnly,compileOnlyDependenciesMetadata,lintClassPath,testCompileClasspath,testImplementationDependenciesMetadata,testRuntimeClasspath
com.google.guava:guava:28.1-jre=additionalPluginClasspath,compileClasspath,compileOnly,compileOnlyDependenciesMetadata,lintClassPath
com.google.guava:guava:30.1-jre=testCompileClasspath,testImplementationDependenciesMetadata,testRuntimeClasspath
com.google.guava:listenablefuture:9999.0-empty-to-avoid-conflict-with-guava=additionalPluginClasspath,compileClasspath,compileOnly,compileOnlyDependenciesMetadata,lintClassPath,testCompileClasspath,testImplementationDependenciesMetadata,testRuntimeClasspath
com.google.j2objc:j2objc-annotations:1.3=additionalPluginClasspath,compileClasspath,compileOnly,compileOnlyDependenciesMetadata,lintClassPath,testCompileClasspath,testImplementationDependenciesMetadata,testRuntimeClasspath
com.google.jimfs:jimfs:1.1=additionalPluginClasspath,compileClasspath,compileOnly,compileOnlyDependenciesMetadata,lintClassPath
com.google.protobuf:protobuf-java-util:3.10.0=additionalPluginClasspath,compileClasspath,compileOnly,compileOnlyDependenciesMetadata
com.google.protobuf:protobuf-java:3.10.0=additionalPluginClasspath,compileClasspath,compileOnly,compileOnlyDependenciesMetadata,lintClassPath
com.google.test.platform:core-proto:0.0.2-dev=additionalPluginClasspath,compileClasspath,compileOnly,compileOnlyDependenciesMetadata
com.google.truth:truth:1.1.2=testCompileClasspath,testImplementationDependenciesMetadata,testRuntimeClasspath
com.googlecode.json-simple:json-simple:1.1=additionalPluginClasspath,compileClasspath,compileOnly,compileOnlyDependenciesMetadata,lintClassPath
com.googlecode.juniversalchardet:juniversalchardet:1.0.3=additionalPluginClasspath,compileClasspath,compileOnly,compileOnlyDependenciesMetadata
com.pinterest.ktlint:ktlint-core:0.40.0=ktlint
com.pinterest.ktlint:ktlint-reporter-baseline:0.40.0=ktlint
com.pinterest.ktlint:ktlint-reporter-checkstyle:0.40.0=ktlint
com.pinterest.ktlint:ktlint-reporter-html:0.40.0=ktlint
com.pinterest.ktlint:ktlint-reporter-json:0.40.0=ktlint
com.pinterest.ktlint:ktlint-reporter-plain:0.40.0=ktlint
com.pinterest.ktlint:ktlint-ruleset-experimental:0.40.0=ktlint
com.pinterest.ktlint:ktlint-ruleset-standard:0.40.0=ktlint
com.pinterest.ktlint:ktlint-ruleset-test:0.40.0=ktlint
com.pinterest:ktlint:0.40.0=ktlint
com.squareup:javapoet:1.10.0=additionalPluginClasspath,compileClasspath,compileOnly,compileOnlyDependenciesMetadata
com.squareup:javawriter:2.5.0=additionalPluginClasspath,compileClasspath,compileOnly,compileOnlyDependenciesMetadata,lintClassPath
com.sun.activation:javax.activation:1.2.0=additionalPluginClasspath,compileClasspath,compileOnly,compileOnlyDependenciesMetadata,lintClassPath
com.sun.istack:istack-commons-runtime:3.0.7=additionalPluginClasspath,compileClasspath,compileOnly,compileOnlyDependenciesMetadata,lintClassPath
com.sun.xml.fastinfoset:FastInfoset:1.2.15=additionalPluginClasspath,compileClasspath,compileOnly,compileOnlyDependenciesMetadata,lintClassPath
commons-codec:commons-codec:1.10=additionalPluginClasspath,compileClasspath,compileOnly,compileOnlyDependenciesMetadata,lintClassPath
commons-io:commons-io:2.4=additionalPluginClasspath,compileClasspath,compileOnly,compileOnlyDependenciesMetadata
commons-logging:commons-logging:1.2=additionalPluginClasspath,compileClasspath,compileOnly,compileOnlyDependenciesMetadata,lintClassPath
info.picocli:picocli:3.9.6=ktlint
io.github.java-diff-utils:java-diff-utils:4.0=testCompileClasspath,testImplementationDependenciesMetadata,testRuntimeClasspath
it.unimi.dsi:fastutil:7.2.0=additionalPluginClasspath,compileClasspath,compileOnly,compileOnlyDependenciesMetadata,lintClassPath
javax.activation:javax.activation-api:1.2.0=additionalPluginClasspath,compileClasspath,compileOnly,compileOnlyDependenciesMetadata,lintClassPath
javax.inject:javax.inject:1=additionalPluginClasspath,compileClasspath,compileOnly,compileOnlyDependenciesMetadata,lintClassPath
javax.xml.bind:jaxb-api:2.3.1=additionalPluginClasspath,compileClasspath,compileOnly,compileOnlyDependenciesMetadata,lintClassPath
junit:junit:4.13.2=testCompileClasspath,testImplementationDependenciesMetadata,testRuntimeClasspath
net.sf.jopt-simple:jopt-simple:4.9=additionalPluginClasspath,compileClasspath,compileOnly,compileOnlyDependenciesMetadata,lintClassPath
net.sf.kxml:kxml2:2.3.0=additionalPluginClasspath,compileClasspath,compileOnly,compileOnlyDependenciesMetadata,lintClassPath
net.sf.proguard:proguard-base:6.0.3=additionalPluginClasspath,compileClasspath,compileOnly,compileOnlyDependenciesMetadata
net.sf.proguard:proguard-gradle:6.0.3=additionalPluginClasspath,compileClasspath,compileOnly,compileOnlyDependenciesMetadata
org.antlr:antlr4:4.5.3=additionalPluginClasspath,compileClasspath,compileOnly,compileOnlyDependenciesMetadata
org.apache.commons:commons-compress:1.12=additionalPluginClasspath,compileClasspath,compileOnly,compileOnlyDependenciesMetadata,lintClassPath
org.apache.httpcomponents:httpclient:4.5.6=additionalPluginClasspath,compileClasspath,compileOnly,compileOnlyDependenciesMetadata,lintClassPath
org.apache.httpcomponents:httpcore:4.4.10=additionalPluginClasspath,compileClasspath,compileOnly,compileOnlyDependenciesMetadata,lintClassPath
org.apache.httpcomponents:httpmime:4.5.6=additionalPluginClasspath,compileClasspath,compileOnly,compileOnlyDependenciesMetadata,lintClassPath
org.bouncycastle:bcpkix-jdk15on:1.56=additionalPluginClasspath,compileClasspath,compileOnly,compileOnlyDependenciesMetadata,lintClassPath
org.bouncycastle:bcprov-jdk15on:1.56=additionalPluginClasspath,compileClasspath,compileOnly,compileOnlyDependenciesMetadata,lintClassPath
org.checkerframework:checker-qual:2.8.1=additionalPluginClasspath,compileClasspath,compileOnly,compileOnlyDependenciesMetadata,lintClassPath
org.checkerframework:checker-qual:3.9.1=testCompileClasspath,testImplementationDependenciesMetadata,testRuntimeClasspath
org.checkerframework:dataflow-shaded:3.7.1=testCompileClasspath,testImplementationDependenciesMetadata,testRuntimeClasspath
org.codehaus.groovy:groovy-all:2.4.15=lintClassPath
org.codehaus.mojo:animal-sniffer-annotations:1.18=additionalPluginClasspath,compileClasspath,compileOnly,compileOnlyDependenciesMetadata,lintClassPath
org.ec4j.core:ec4j-core:0.2.2=ktlint
org.eclipse.jgit:org.eclipse.jgit:4.4.1.201607150455-r=testCompileClasspath,testImplementationDependenciesMetadata,testRuntimeClasspath
org.glassfish.jaxb:jaxb-runtime:2.3.1=additionalPluginClasspath,compileClasspath,compileOnly,compileOnlyDependenciesMetadata,lintClassPath
org.glassfish.jaxb:txw2:2.3.1=additionalPluginClasspath,compileClasspath,compileOnly,compileOnlyDependenciesMetadata,lintClassPath
org.hamcrest:hamcrest-core:1.3=testCompileClasspath,testImplementationDependenciesMetadata,testRuntimeClasspath
org.jdom:jdom2:2.0.6=additionalPluginClasspath,compileClasspath,compileOnly,compileOnlyDependenciesMetadata
org.jetbrains.intellij.deps:trove4j:1.0.20181211=additionalPluginClasspath,compileClasspath,compileOnly,compileOnlyDependenciesMetadata,kotlinCompilerClasspath,kotlinKlibCommonizerClasspath,ktlint,lintClassPath
org.jetbrains.kotlin:kotlin-compiler-embeddable:1.4.10=ktlint
org.jetbrains.kotlin:kotlin-compiler-embeddable:1.4.20=kotlinCompilerClasspath,kotlinKlibCommonizerClasspath
org.jetbrains.kotlin:kotlin-daemon-embeddable:1.4.10=ktlint
org.jetbrains.kotlin:kotlin-daemon-embeddable:1.4.20=kotlinCompilerClasspath,kotlinKlibCommonizerClasspath
org.jetbrains.kotlin:kotlin-gradle-plugin-api:1.4.20=kotlinCompilerPluginClasspath
org.jetbrains.kotlin:kotlin-gradle-plugin-model:1.4.20=kotlinCompilerPluginClasspath
org.jetbrains.kotlin:kotlin-klib-commonizer-embeddable:1.4.20=kotlinKlibCommonizerClasspath
org.jetbrains.kotlin:kotlin-reflect:1.3.72=additionalPluginClasspath,lintClassPath
org.jetbrains.kotlin:kotlin-reflect:1.4.10=ktlint
org.jetbrains.kotlin:kotlin-reflect:1.4.20=compileClasspath,compileOnlyDependenciesMetadata,embeddedKotlin,kotlinCompilerClasspath,kotlinKlibCommonizerClasspath,testCompileClasspath,testImplementationDependenciesMetadata,testRuntimeClasspath
org.jetbrains.kotlin:kotlin-reflect:1.4.31=compileOnly
org.jetbrains.kotlin:kotlin-sam-with-receiver:1.4.20=kotlinCompilerPluginClasspath
org.jetbrains.kotlin:kotlin-script-runtime:1.4.10=ktlint
org.jetbrains.kotlin:kotlin-script-runtime:1.4.20=kotlinCompilerClasspath,kotlinCompilerPluginClasspath,kotlinKlibCommonizerClasspath
org.jetbrains.kotlin:kotlin-scripting-common:1.4.20=kotlinCompilerPluginClasspath
org.jetbrains.kotlin:kotlin-scripting-compiler-embeddable:1.4.20=kotlinCompilerPluginClasspath
org.jetbrains.kotlin:kotlin-scripting-compiler-impl-embeddable:1.4.20=kotlinCompilerPluginClasspath
org.jetbrains.kotlin:kotlin-scripting-jvm:1.4.20=kotlinCompilerPluginClasspath
org.jetbrains.kotlin:kotlin-stdlib-common:1.3.72=additionalPluginClasspath,lintClassPath
org.jetbrains.kotlin:kotlin-stdlib-common:1.4.10=ktlint
org.jetbrains.kotlin:kotlin-stdlib-common:1.4.20=compileClasspath,compileOnlyDependenciesMetadata,embeddedKotlin,kotlinCompilerClasspath,kotlinCompilerPluginClasspath,kotlinKlibCommonizerClasspath,testCompileClasspath,testImplementationDependenciesMetadata,testRuntimeClasspath
org.jetbrains.kotlin:kotlin-stdlib-common:1.4.31=compileOnly
org.jetbrains.kotlin:kotlin-stdlib-jdk7:1.3.72=additionalPluginClasspath,lintClassPath
org.jetbrains.kotlin:kotlin-stdlib-jdk7:1.4.20=compileClasspath,compileOnlyDependenciesMetadata,embeddedKotlin,testCompileClasspath,testImplementationDependenciesMetadata,testRuntimeClasspath
org.jetbrains.kotlin:kotlin-stdlib-jdk7:1.4.31=compileOnly
org.jetbrains.kotlin:kotlin-stdlib-jdk8:1.3.72=additionalPluginClasspath,lintClassPath
org.jetbrains.kotlin:kotlin-stdlib-jdk8:1.4.20=compileClasspath,compileOnlyDependenciesMetadata,embeddedKotlin,testCompileClasspath,testImplementationDependenciesMetadata,testRuntimeClasspath
org.jetbrains.kotlin:kotlin-stdlib-jdk8:1.4.31=compileOnly
org.jetbrains.kotlin:kotlin-stdlib:1.3.72=additionalPluginClasspath,lintClassPath
org.jetbrains.kotlin:kotlin-stdlib:1.4.10=ktlint
org.jetbrains.kotlin:kotlin-stdlib:1.4.20=compileClasspath,compileOnlyDependenciesMetadata,embeddedKotlin,kotlinCompilerClasspath,kotlinCompilerPluginClasspath,kotlinKlibCommonizerClasspath,testCompileClasspath,testImplementationDependenciesMetadata,testRuntimeClasspath
org.jetbrains.kotlin:kotlin-stdlib:1.4.31=compileOnly
org.jetbrains.kotlinx:kotlinx-coroutines-core:1.3.7=kotlinCompilerPluginClasspath
org.jetbrains:annotations:13.0=additionalPluginClasspath,compileClasspath,compileOnly,compileOnlyDependenciesMetadata,embeddedKotlin,kotlinCompilerClasspath,kotlinCompilerPluginClasspath,kotlinKlibCommonizerClasspath,ktlint,lintClassPath,testCompileClasspath,testImplementationDependenciesMetadata,testRuntimeClasspath
org.json:json:20180813=additionalPluginClasspath,compileClasspath,compileOnly,compileOnlyDependenciesMetadata
org.jvnet.staxex:stax-ex:1.8=additionalPluginClasspath,compileClasspath,compileOnly,compileOnlyDependenciesMetadata,lintClassPath
org.ow2.asm:asm-analysis:7.0=additionalPluginClasspath,compileClasspath,compileOnly,compileOnlyDependenciesMetadata,lintClassPath
org.ow2.asm:asm-commons:7.0=additionalPluginClasspath,compileClasspath,compileOnly,compileOnlyDependenciesMetadata,lintClassPath
org.ow2.asm:asm-tree:7.0=additionalPluginClasspath,compileClasspath,compileOnly,compileOnlyDependenciesMetadata,lintClassPath
org.ow2.asm:asm-util:7.0=additionalPluginClasspath,compileClasspath,compileOnly,compileOnlyDependenciesMetadata,lintClassPath
org.ow2.asm:asm:7.0=additionalPluginClasspath,compileClasspath,compileOnly,compileOnlyDependenciesMetadata,lintClassPath
org.ow2.asm:asm:9.0=testCompileClasspath,testImplementationDependenciesMetadata,testRuntimeClasspath
org.tensorflow:tensorflow-lite-metadata:0.1.0-rc1=additionalPluginClasspath,compileOnly
empty=annotationProcessor,apiDependenciesMetadata,compile,implementationDependenciesMetadata,kotlinNativeCompilerPluginClasspath,kotlinScriptDef,kotlinScriptDefExtensions,ktlintReporter,ktlintRuleset,lintChecks,runtime,runtimeClasspath,runtimeOnlyDependenciesMetadata,testAnnotationProcessor,testApiDependenciesMetadata,testCompile,testCompileOnly,testCompileOnlyDependenciesMetadata,testKotlinScriptDef,testKotlinScriptDefExtensions,testRuntime,testRuntimeOnlyDependenciesMetadata
